{
    "_readme": [
        "This file locks the dependencies of your project to a known state",
        "Read more about it at https://getcomposer.org/doc/01-basic-usage.md#installing-dependencies",
        "This file is @generated automatically"
    ],
    "content-hash": "1eb5ea6f41fe00f0b1a0f48a33eeb755",
    "packages": [
        {
            "name": "anbprog/firstlib",
            "version": "v1.1.0",
            "source": {
                "type": "git",
                "url": "https://github.com/AndyBond007/firstlib.git",
                "reference": "f8639cebd4d1df88ba8ca0d77d76ae1eebc743c9"
            },
            "dist": {
                "type": "zip",
                "url": "https://api.github.com/repos/AndyBond007/firstlib/zipball/f8639cebd4d1df88ba8ca0d77d76ae1eebc743c9",
                "reference": "f8639cebd4d1df88ba8ca0d77d76ae1eebc743c9",
                "shasum": ""
            },
            "require": {
                "php": ">=8.1"
            },
            "type": "library",
            "autoload": {
                "psr-4": {
                    "Firstlib\\": "src/"
                }
            },
            "notification-url": "https://packagist.org/downloads/",
            "license": [
                "LGPL-3.0-or-later"
            ],
            "authors": [
                {
                    "name": "AndyBond",
                    "email": "79160937104@yandex.ru"
                }
            ],
            "description": "My first library for Composer",
            "support": {
                "issues": "https://github.com/AndyBond007/firstlib/issues",
                "source": "https://github.com/AndyBond007/firstlib/tree/v1.1.0"
            },
            "time": "2026-06-29T09:03:59+00:00"
        }
    ],
    "packages-dev": [],
    "aliases": [],
    "minimum-stability": "stable",
    "stability-flags": {},
    "prefer-stable": false,
    "prefer-lowest": false,
    "platform": {},
    "platform-dev": {},
    "plugin-api-version": "2.9.0"
}